// !$*UTF8*$!
{
	archiveVersion = 1;
	classes = {
	};
	objectVersion = 56;
	objects = {

/* Begin PBXBuildFile section */
		363206412B4C4D11002FE98D /* AppDelegate.swift in Sources */ = {isa = PBXBuildFile; fileRef = 363206402B4C4D11002FE98D /* AppDelegate.swift */; };
		363206432B4C4D11002FE98D /* SceneDelegate.swift in Sources */ = {isa = PBXBuildFile; fileRef = 363206422B4C4D11002FE98D /* SceneDelegate.swift */; };
		363206452B4C4D11002FE98D /* RMTabViewController.swift in Sources */ = {isa = PBXBuildFile; fileRef = 363206442B4C4D11002FE98D /* RMTabViewController.swift */; };
		3632064A2B4C4D12002FE98D /* Assets.xcassets in Resources */ = {isa = PBXBuildFile; fileRef = 363206492B4C4D12002FE98D /* Assets.xcassets */; };
		3632064D2B4C4D12002FE98D /* LaunchScreen.storyboard in Resources */ = {isa = PBXBuildFile; fileRef = 3632064B2B4C4D12002FE98D /* LaunchScreen.storyboard */; };
		3632065E2B4C4FD6002FE98D /* RMLocation.swift in Sources */ = {isa = PBXBuildFile; fileRef = 3632065D2B4C4FD6002FE98D /* RMLocation.swift */; };
		363206602B4C4FF0002FE98D /* RMCharacter.swift in Sources */ = {isa = PBXBuildFile; fileRef = 3632065F2B4C4FF0002FE98D /* RMCharacter.swift */; };
		363206622B4C4FFB002FE98D /* RMEpisode.swift in Sources */ = {isa = PBXBuildFile; fileRef = 363206612B4C4FFB002FE98D /* RMEpisode.swift */; };
		363206652B4C50B4002FE98D /* RMCharacterViewController.swift in Sources */ = {isa = PBXBuildFile; fileRef = 363206642B4C50B4002FE98D /* RMCharacterViewController.swift */; };
		3632066B2B4C5125002FE98D /* RMLocationViewController.swift in Sources */ = {isa = PBXBuildFile; fileRef = 3632066A2B4C5125002FE98D /* RMLocationViewController.swift */; };
		3632066D2B4C5133002FE98D /* RMEpisodeViewController.swift in Sources */ = {isa = PBXBuildFile; fileRef = 3632066C2B4C5133002FE98D /* RMEpisodeViewController.swift */; };
		3632066F2B4C5154002FE98D /* RMSettingsViewController.swift in Sources */ = {isa = PBXBuildFile; fileRef = 3632066E2B4C5154002FE98D /* RMSettingsViewController.swift */; };
		363206712B4C696B002FE98D /* RMService.swift in Sources */ = {isa = PBXBuildFile; fileRef = 363206702B4C696B002FE98D /* RMService.swift */; };
		363206732B4C6988002FE98D /* RMRequest.swift in Sources */ = {isa = PBXBuildFile; fileRef = 363206722B4C6988002FE98D /* RMRequest.swift */; };
		363206752B4C6A3F002FE98D /* RMEndpoint.swift in Sources */ = {isa = PBXBuildFile; fileRef = 363206742B4C6A3F002FE98D /* RMEndpoint.swift */; };
		363206772B4C81CD002FE98D /* RMOrigin.swift in Sources */ = {isa = PBXBuildFile; fileRef = 363206762B4C81CD002FE98D /* RMOrigin.swift */; };
		363206792B4C8231002FE98D /* RMSingleLocation.swift in Sources */ = {isa = PBXBuildFile; fileRef = 363206782B4C8231002FE98D /* RMSingleLocation.swift */; };
		3632067D2B4C8385002FE98D /* RMCharacterStatus.swift in Sources */ = {isa = PBXBuildFile; fileRef = 3632067C2B4C8385002FE98D /* RMCharacterStatus.swift */; };
		3632067F2B4C8410002FE98D /* RMCharacterGender.swift in Sources */ = {isa = PBXBuildFile; fileRef = 3632067E2B4C8410002FE98D /* RMCharacterGender.swift */; };
		36A1D1FB2B4DA77C006AA206 /* RMGetCharactersResponse.swift in Sources */ = {isa = PBXBuildFile; fileRef = 36A1D1FA2B4DA77C006AA206 /* RMGetCharactersResponse.swift */; };
		36A1D1FD2B4EFDAA006AA206 /* RMCharactersListViewViewModel.swift in Sources */ = {isa = PBXBuildFile; fileRef = 36A1D1FC2B4EFDAA006AA206 /* RMCharactersListViewViewModel.swift */; };
		36A1D1FF2B4EFF77006AA206 /* RMCharacterListView.swift in Sources */ = {isa = PBXBuildFile; fileRef = 36A1D1FE2B4EFF77006AA206 /* RMCharacterListView.swift */; };
		36A1D2012B4F124F006AA206 /* Extensions.swift in Sources */ = {isa = PBXBuildFile; fileRef = 36A1D2002B4F124F006AA206 /* Extensions.swift */; };
		36A1D2042B4F38C1006AA206 /* RMCharacterCollectionViewCell.swift in Sources */ = {isa = PBXBuildFile; fileRef = 36A1D2032B4F38C1006AA206 /* RMCharacterCollectionViewCell.swift */; };
		36A1D20A2B4F41FD006AA206 /* RMCharacterCollectionViewCellViewModel.swift in Sources */ = {isa = PBXBuildFile; fileRef = 36A1D2092B4F41FD006AA206 /* RMCharacterCollectionViewCellViewModel.swift */; };
/* End PBXBuildFile section */

/* Begin PBXFileReference section */
		3632063D2B4C4D11002FE98D /* RickAndMorty.app */ = {isa = PBXFileReference; explicitFileType = wrapper.application; includeInIndex = 0; path = RickAndMorty.app; sourceTree = BUILT_PRODUCTS_DIR; };
		363206402B4C4D11002FE98D /* AppDelegate.swift */ = {isa = PBXFileReference; lastKnownFileType = sourcecode.swift; path = AppDelegate.swift; sourceTree = "<group>"; };
		363206422B4C4D11002FE98D /* SceneDelegate.swift */ = {isa = PBXFileReference; lastKnownFileType = sourcecode.swift; path = SceneDelegate.swift; sourceTree = "<group>"; };
		363206442B4C4D11002FE98D /* RMTabViewController.swift */ = {isa = PBXFileReference; lastKnownFileType = sourcecode.swift; path = RMTabViewController.swift; sourceTree = "<group>"; };
		363206492B4C4D12002FE98D /* Assets.xcassets */ = {isa = PBXFileReference; lastKnownFileType = folder.assetcatalog; path = Assets.xcassets; sourceTree = "<group>"; };
		3632064C2B4C4D12002FE98D /* Base */ = {isa = PBXFileReference; lastKnownFileType = file.storyboard; name = Base; path = Base.lproj/LaunchScreen.storyboard; sourceTree = "<group>"; };
		3632064E2B4C4D12002FE98D /* Info.plist */ = {isa = PBXFileReference; lastKnownFileType = text.plist.xml; path = Info.plist; sourceTree = "<group>"; };
		3632065D2B4C4FD6002FE98D /* RMLocation.swift */ = {isa = PBXFileReference; lastKnownFileType = sourcecode.swift; path = RMLocation.swift; sourceTree = "<group>"; };
		3632065F2B4C4FF0002FE98D /* RMCharacter.swift */ = {isa = PBXFileReference; lastKnownFileType = sourcecode.swift; path = RMCharacter.swift; sourceTree = "<group>"; };
		363206612B4C4FFB002FE98D /* RMEpisode.swift */ = {isa = PBXFileReference; lastKnownFileType = sourcecode.swift; path = RMEpisode.swift; sourceTree = "<group>"; };
		363206642B4C50B4002FE98D /* RMCharacterViewController.swift */ = {isa = PBXFileReference; lastKnownFileType = sourcecode.swift; path = RMCharacterViewController.swift; sourceTree = "<group>"; };
		3632066A2B4C5125002FE98D /* RMLocationViewController.swift */ = {isa = PBXFileReference; lastKnownFileType = sourcecode.swift; path = RMLocationViewController.swift; sourceTree = "<group>"; };
		3632066C2B4C5133002FE98D /* RMEpisodeViewController.swift */ = {isa = PBXFileReference; lastKnownFileType = sourcecode.swift; path = RMEpisodeViewController.swift; sourceTree = "<group>"; };
		3632066E2B4C5154002FE98D /* RMSettingsViewController.swift */ = {isa = PBXFileReference; lastKnownFileType = sourcecode.swift; path = RMSettingsViewController.swift; sourceTree = "<group>"; };
		363206702B4C696B002FE98D /* RMService.swift */ = {isa = PBXFileReference; lastKnownFileType = sourcecode.swift; path = RMService.swift; sourceTree = "<group>"; };
		363206722B4C6988002FE98D /* RMRequest.swift */ = {isa = PBXFileReference; lastKnownFileType = sourcecode.swift; path = RMRequest.swift; sourceTree = "<group>"; };
		363206742B4C6A3F002FE98D /* RMEndpoint.swift */ = {isa = PBXFileReference; lastKnownFileType = sourcecode.swift; path = RMEndpoint.swift; sourceTree = "<group>"; };
		363206762B4C81CD002FE98D /* RMOrigin.swift */ = {isa = PBXFileReference; lastKnownFileType = sourcecode.swift; path = RMOrigin.swift; sourceTree = "<group>"; };
		363206782B4C8231002FE98D /* RMSingleLocation.swift */ = {isa = PBXFileReference; lastKnownFileType = sourcecode.swift; path = RMSingleLocation.swift; sourceTree = "<group>"; };
		3632067C2B4C8385002FE98D /* RMCharacterStatus.swift */ = {isa = PBXFileReference; lastKnownFileType = sourcecode.swift; path = RMCharacterStatus.swift; sourceTree = "<group>"; };
		3632067E2B4C8410002FE98D /* RMCharacterGender.swift */ = {isa = PBXFileReference; lastKnownFileType = sourcecode.swift; path = RMCharacterGender.swift; sourceTree = "<group>"; };
		36A1D1FA2B4DA77C006AA206 /* RMGetCharactersResponse.swift */ = {isa = PBXFileReference; lastKnownFileType = sourcecode.swift; path = RMGetCharactersResponse.swift; sourceTree = "<group>"; };
		36A1D1FC2B4EFDAA006AA206 /* RMCharactersListViewViewModel.swift */ = {isa = PBXFileReference; lastKnownFileType = sourcecode.swift; path = RMCharactersListViewViewModel.swift; sourceTree = "<group>"; };
		36A1D1FE2B4EFF77006AA206 /* RMCharacterListView.swift */ = {isa = PBXFileReference; lastKnownFileType = sourcecode.swift; path = RMCharacterListView.swift; sourceTree = "<group>"; };
		36A1D2002B4F124F006AA206 /* Extensions.swift */ = {isa = PBXFileReference; lastKnownFileType = sourcecode.swift; path = Extensions.swift; sourceTree = "<group>"; };
		36A1D2032B4F38C1006AA206 /* RMCharacterCollectionViewCell.swift */ = {isa = PBXFileReference; lastKnownFileType = sourcecode.swift; path = RMCharacterCollectionViewCell.swift; sourceTree = "<group>"; };
		36A1D2092B4F41FD006AA206 /* RMCharacterCollectionViewCellViewModel.swift */ = {isa = PBXFileReference; lastKnownFileType = sourcecode.swift; path = RMCharacterCollectionViewCellViewModel.swift; sourceTree = "<group>"; };
/* End PBXFileReference section */

/* Begin PBXFrameworksBuildPhase section */
		3632063A2B4C4D11002FE98D /* Frameworks */ = {
			isa = PBXFrameworksBuildPhase;
			buildActionMask = 2147483647;
			files = (
			);
			runOnlyForDeploymentPostprocessing = 0;
		};
/* End PBXFrameworksBuildPhase section */

/* Begin PBXGroup section */
		363206342B4C4D11002FE98D = {
			isa = PBXGroup;
			children = (
				3632063F2B4C4D11002FE98D /* RickAndMorty */,
				3632063E2B4C4D11002FE98D /* Products */,
			);
			sourceTree = "<group>";
		};
		3632063E2B4C4D11002FE98D /* Products */ = {
			isa = PBXGroup;
			children = (
				3632063D2B4C4D11002FE98D /* RickAndMorty.app */,
			);
			name = Products;
			sourceTree = "<group>";
		};
		3632063F2B4C4D11002FE98D /* RickAndMorty */ = {
			isa = PBXGroup;
			children = (
				3632065A2B4C4F09002FE98D /* Resources */,
				363206592B4C4EFE002FE98D /* APIClient */,
				363206582B4C4EF3002FE98D /* Managers */,
				363206572B4C4EE4002FE98D /* ViewModels */,
				363206562B4C4ED8002FE98D /* Views */,
				363206552B4C4ED0002FE98D /* Models */,
				363206542B4C4EC5002FE98D /* Controller */,
				3632064E2B4C4D12002FE98D /* Info.plist */,
			);
			path = RickAndMorty;
			sourceTree = "<group>";
		};
		363206542B4C4EC5002FE98D /* Controller */ = {
			isa = PBXGroup;
			children = (
				363206632B4C507E002FE98D /* Core */,
			);
			path = Controller;
			sourceTree = "<group>";
		};
		363206552B4C4ED0002FE98D /* Models */ = {
			isa = PBXGroup;
			children = (
				36A1D1F92B4DA763006AA206 /* APIResponseTypes */,
				36A1D1F82B4DA74C006AA206 /* DataTypes */,
			);
			path = Models;
			sourceTree = "<group>";
		};
		363206562B4C4ED8002FE98D /* Views */ = {
			isa = PBXGroup;
			children = (
				36A1D1FE2B4EFF77006AA206 /* RMCharacterListView.swift */,
				36A1D2032B4F38C1006AA206 /* RMCharacterCollectionViewCell.swift */,
			);
			path = Views;
			sourceTree = "<group>";
		};
		363206572B4C4EE4002FE98D /* ViewModels */ = {
			isa = PBXGroup;
			children = (
				36A1D1FC2B4EFDAA006AA206 /* RMCharactersListViewViewModel.swift */,
				36A1D2092B4F41FD006AA206 /* RMCharacterCollectionViewCellViewModel.swift */,
			);
			path = ViewModels;
			sourceTree = "<group>";
		};
		363206582B4C4EF3002FE98D /* Managers */ = {
			isa = PBXGroup;
			children = (
			);
			path = Managers;
			sourceTree = "<group>";
		};
		363206592B4C4EFE002FE98D /* APIClient */ = {
			isa = PBXGroup;
			children = (
				363206702B4C696B002FE98D /* RMService.swift */,
				363206722B4C6988002FE98D /* RMRequest.swift */,
				363206742B4C6A3F002FE98D /* RMEndpoint.swift */,
			);
			path = APIClient;
			sourceTree = "<group>";
		};
		3632065A2B4C4F09002FE98D /* Resources */ = {
			isa = PBXGroup;
			children = (
				363206402B4C4D11002FE98D /* AppDelegate.swift */,
				363206422B4C4D11002FE98D /* SceneDelegate.swift */,
				3632064B2B4C4D12002FE98D /* LaunchScreen.storyboard */,
				363206492B4C4D12002FE98D /* Assets.xcassets */,
				36A1D2002B4F124F006AA206 /* Extensions.swift */,
			);
			path = Resources;
			sourceTree = "<group>";
		};
		363206632B4C507E002FE98D /* Core */ = {
			isa = PBXGroup;
			children = (
				363206442B4C4D11002FE98D /* RMTabViewController.swift */,
				363206642B4C50B4002FE98D /* RMCharacterViewController.swift */,
				3632066A2B4C5125002FE98D /* RMLocationViewController.swift */,
				3632066C2B4C5133002FE98D /* RMEpisodeViewController.swift */,
				3632066E2B4C5154002FE98D /* RMSettingsViewController.swift */,
			);
			path = Core;
			sourceTree = "<group>";
		};
		36A1D1F82B4DA74C006AA206 /* DataTypes */ = {
			isa = PBXGroup;
			children = (
				3632065D2B4C4FD6002FE98D /* RMLocation.swift */,
				3632065F2B4C4FF0002FE98D /* RMCharacter.swift */,
				363206612B4C4FFB002FE98D /* RMEpisode.swift */,
				363206762B4C81CD002FE98D /* RMOrigin.swift */,
				363206782B4C8231002FE98D /* RMSingleLocation.swift */,
				3632067C2B4C8385002FE98D /* RMCharacterStatus.swift */,
				3632067E2B4C8410002FE98D /* RMCharacterGender.swift */,
			);
			path = DataTypes;
			sourceTree = "<group>";
		};
		36A1D1F92B4DA763006AA206 /* APIResponseTypes */ = {
			isa = PBXGroup;
			children = (
				36A1D1FA2B4DA77C006AA206 /* RMGetCharactersResponse.swift */,
			);
			path = APIResponseTypes;
			sourceTree = "<group>";
		};
/* End PBXGroup section */

/* Begin PBXNativeTarget section */
		3632063C2B4C4D11002FE98D /* RickAndMorty */ = {
			isa = PBXNativeTarget;
			buildConfigurationList = 363206512B4C4D12002FE98D /* Build configuration list for PBXNativeTarget "RickAndMorty" */;
			buildPhases = (
				363206392B4C4D11002FE98D /* Sources */,
				3632063A2B4C4D11002FE98D /* Frameworks */,
				3632063B2B4C4D11002FE98D /* Resources */,
			);
			buildRules = (
			);
			dependencies = (
			);
			name = RickAndMorty;
			productName = RickAndMorty;
			productReference = 3632063D2B4C4D11002FE98D /* RickAndMorty.app */;
			productType = "com.apple.product-type.application";
		};
/* End PBXNativeTarget section */

/* Begin PBXProject section */
		363206352B4C4D11002FE98D /* Project object */ = {
			isa = PBXProject;
			attributes = {
				BuildIndependentTargetsInParallel = 1;
				LastSwiftUpdateCheck = 1510;
				LastUpgradeCheck = 1510;
				TargetAttributes = {
					3632063C2B4C4D11002FE98D = {
						CreatedOnToolsVersion = 15.1;
					};
				};
			};
			buildConfigurationList = 363206382B4C4D11002FE98D /* Build configuration list for PBXProject "RickAndMorty" */;
			compatibilityVersion = "Xcode 14.0";
			developmentRegion = en;
			hasScannedForEncodings = 0;
			knownRegions = (
				en,
				Base,
			);
			mainGroup = 363206342B4C4D11002FE98D;
			productRefGroup = 3632063E2B4C4D11002FE98D /* Products */;
			projectDirPath = "";
			projectRoot = "";
			targets = (
				3632063C2B4C4D11002FE98D /* RickAndMorty */,
			);
		};
/* End PBXProject section */

/* Begin PBXResourcesBuildPhase section */
		3632063B2B4C4D11002FE98D /* Resources */ = {
			isa = PBXResourcesBuildPhase;
			buildActionMask = 2147483647;
			files = (
				3632064D2B4C4D12002FE98D /* LaunchScreen.storyboard in Resources */,
				3632064A2B4C4D12002FE98D /* Assets.xcassets in Resources */,
			);
			runOnlyForDeploymentPostprocessing = 0;
		};
/* End PBXResourcesBuildPhase section */

/* Begin PBXSourcesBuildPhase section */
		363206392B4C4D11002FE98D /* Sources */ = {
			isa = PBXSourcesBuildPhase;
			buildActionMask = 2147483647;
			files = (
				36A1D1FB2B4DA77C006AA206 /* RMGetCharactersResponse.swift in Sources */,
				363206772B4C81CD002FE98D /* RMOrigin.swift in Sources */,
				36A1D20A2B4F41FD006AA206 /* RMCharacterCollectionViewCellViewModel.swift in Sources */,
				36A1D1FF2B4EFF77006AA206 /* RMCharacterListView.swift in Sources */,
				363206792B4C8231002FE98D /* RMSingleLocation.swift in Sources */,
				3632067D2B4C8385002FE98D /* RMCharacterStatus.swift in Sources */,
				36A1D1FD2B4EFDAA006AA206 /* RMCharactersListViewViewModel.swift in Sources */,
				3632067F2B4C8410002FE98D /* RMCharacterGender.swift in Sources */,
				3632066B2B4C5125002FE98D /* RMLocationViewController.swift in Sources */,
				363206622B4C4FFB002FE98D /* RMEpisode.swift in Sources */,
				36A1D2042B4F38C1006AA206 /* RMCharacterCollectionViewCell.swift in Sources */,
				363206452B4C4D11002FE98D /* RMTabViewController.swift in Sources */,
				3632066D2B4C5133002FE98D /* RMEpisodeViewController.swift in Sources */,
				363206412B4C4D11002FE98D /* AppDelegate.swift in Sources */,
				363206432B4C4D11002FE98D /* SceneDelegate.swift in Sources */,
				36A1D2012B4F124F006AA206 /* Extensions.swift in Sources */,
				3632066F2B4C5154002FE98D /* RMSettingsViewController.swift in Sources */,
				363206712B4C696B002FE98D /* RMService.swift in Sources */,
				3632065E2B4C4FD6002FE98D /* RMLocation.swift in Sources */,
				363206752B4C6A3F002FE98D /* RMEndpoint.swift in Sources */,
				363206602B4C4FF0002FE98D /* RMCharacter.swift in Sources */,
				363206732B4C6988002FE98D /* RMRequest.swift in Sources */,
				363206652B4C50B4002FE98D /* RMCharacterViewController.swift in Sources */,
			);
			runOnlyForDeploymentPostprocessing = 0;
		};
/* End PBXSourcesBuildPhase section */

/* Begin PBXVariantGroup section */
		3632064B2B4C4D12002FE98D /* LaunchScreen.storyboard */ = {
			isa = PBXVariantGroup;
			children = (
				3632064C2B4C4D12002FE98D /* Base */,
			);
			name = LaunchScreen.storyboard;
			sourceTree = "<group>";
		};
/* End PBXVariantGroup section */

/* Begin XCBuildConfiguration section */
		3632064F2B4C4D12002FE98D /* Debug */ = {
			isa = XCBuildConfiguration;
			buildSettings = {
				ALWAYS_SEARCH_USER_PATHS = NO;
				ASSETCATALOG_COMPILER_GENERATE_SWIFT_ASSET_SYMBOL_EXTENSIONS = YES;
				CLANG_ANALYZER_NONNULL = YES;
				CLANG_ANALYZER_NUMBER_OBJECT_CONVERSION = YES_AGGRESSIVE;
				CLANG_CXX_LANGUAGE_STANDARD = "gnu++20";
				CLANG_ENABLE_MODULES = YES;
				CLANG_ENABLE_OBJC_ARC = YES;
				CLANG_ENABLE_OBJC_WEAK = YES;
				CLANG_WARN_BLOCK_CAPTURE_AUTORELEASING = YES;
				CLANG_WARN_BOOL_CONVERSION = YES;
				CLANG_WARN_COMMA = YES;
				CLANG_WARN_CONSTANT_CONVERSION = YES;
				CLANG_WARN_DEPRECATED_OBJC_IMPLEMENTATIONS = YES;
				CLANG_WARN_DIRECT_OBJC_ISA_USAGE = YES_ERROR;
				CLANG_WARN_DOCUMENTATION_COMMENTS = YES;
				CLANG_WARN_EMPTY_BODY = YES;
				CLANG_WARN_ENUM_CONVERSION = YES;
				CLANG_WARN_INFINITE_RECURSION = YES;
				CLANG_WARN_INT_CONVERSION = YES;
				CLANG_WARN_NON_LITERAL_NULL_CONVERSION = YES;
				CLANG_WARN_OBJC_IMPLICIT_RETAIN_SELF = YES;
				CLANG_WARN_OBJC_LITERAL_CONVERSION = YES;
				CLANG_WARN_OBJC_ROOT_CLASS = YES_ERROR;
				CLANG_WARN_QUOTED_INCLUDE_IN_FRAMEWORK_HEADER = YES;
				CLANG_WARN_RANGE_LOOP_ANALYSIS = YES;
				CLANG_WARN_STRICT_PROTOTYPES = YES;
				CLANG_WARN_SUSPICIOUS_MOVE = YES;
				CLANG_WARN_UNGUARDED_AVAILABILITY = YES_AGGRESSIVE;
				CLANG_WARN_UNREACHABLE_CODE = YES;
				CLANG_WARN__DUPLICATE_METHOD_MATCH = YES;
				COPY_PHASE_STRIP = NO;
				DEBUG_INFORMATION_FORMAT = dwarf;
				ENABLE_STRICT_OBJC_MSGSEND = YES;
				ENABLE_TESTABILITY = YES;
				ENABLE_USER_SCRIPT_SANDBOXING = YES;
				GCC_C_LANGUAGE_STANDARD = gnu17;
				GCC_DYNAMIC_NO_PIC = NO;
				GCC_NO_COMMON_BLOCKS = YES;
				GCC_OPTIMIZATION_LEVEL = 0;
				GCC_PREPROCESSOR_DEFINITIONS = (
					"DEBUG=1",
					"$(inherited)",
				);
				GCC_WARN_64_TO_32_BIT_CONVERSION = YES;
				GCC_WARN_ABOUT_RETURN_TYPE = YES_ERROR;
				GCC_WARN_UNDECLARED_SELECTOR = YES;
				GCC_WARN_UNINITIALIZED_AUTOS = YES_AGGRESSIVE;
				GCC_WARN_UNUSED_FUNCTION = YES;
				GCC_WARN_UNUSED_VARIABLE = YES;
				IPHONEOS_DEPLOYMENT_TARGET = 17.2;
				LOCALIZATION_PREFERS_STRING_CATALOGS = YES;
				MTL_ENABLE_DEBUG_INFO = INCLUDE_SOURCE;
				MTL_FAST_MATH = YES;
				ONLY_ACTIVE_ARCH = YES;
				SDKROOT = iphoneos;
				SWIFT_ACTIVE_COMPILATION_CONDITIONS = "DEBUG $(inherited)";
				SWIFT_OPTIMIZATION_LEVEL = "-Onone";
			};
			name = Debug;
		};
		363206502B4C4D12002FE98D /* Release */ = {
			isa = XCBuildConfiguration;
			buildSettings = {
				ALWAYS_SEARCH_USER_PATHS = NO;
				ASSETCATALOG_COMPILER_GENERATE_SWIFT_ASSET_SYMBOL_EXTENSIONS = YES;
				CLANG_ANALYZER_NONNULL = YES;
				CLANG_ANALYZER_NUMBER_OBJECT_CONVERSION = YES_AGGRESSIVE;
				CLANG_CXX_LANGUAGE_STANDARD = "gnu++20";
				CLANG_ENABLE_MODULES = YES;
				CLANG_ENABLE_OBJC_ARC = YES;
				CLANG_ENABLE_OBJC_WEAK = YES;
				CLANG_WARN_BLOCK_CAPTURE_AUTORELEASING = YES;
				CLANG_WARN_BOOL_CONVERSION = YES;
				CLANG_WARN_COMMA = YES;
				CLANG_WARN_CONSTANT_CONVERSION = YES;
				CLANG_WARN_DEPRECATED_OBJC_IMPLEMENTATIONS = YES;
				CLANG_WARN_DIRECT_OBJC_ISA_USAGE = YES_ERROR;
				CLANG_WARN_DOCUMENTATION_COMMENTS = YES;
				CLANG_WARN_EMPTY_BODY = YES;
				CLANG_WARN_ENUM_CONVERSION = YES;
				CLANG_WARN_INFINITE_RECURSION = YES;
				CLANG_WARN_INT_CONVERSION = YES;
				CLANG_WARN_NON_LITERAL_NULL_CONVERSION = YES;
				CLANG_WARN_OBJC_IMPLICIT_RETAIN_SELF = YES;
				CLANG_WARN_OBJC_LITERAL_CONVERSION = YES;
				CLANG_WARN_OBJC_ROOT_CLASS = YES_ERROR;
				CLANG_WARN_QUOTED_INCLUDE_IN_FRAMEWORK_HEADER = YES;
				CLANG_WARN_RANGE_LOOP_ANALYSIS = YES;
				CLANG_WARN_STRICT_PROTOTYPES = YES;
				CLANG_WARN_SUSPICIOUS_MOVE = YES;
				CLANG_WARN_UNGUARDED_AVAILABILITY = YES_AGGRESSIVE;
				CLANG_WARN_UNREACHABLE_CODE = YES;
				CLANG_WARN__DUPLICATE_METHOD_MATCH = YES;
				COPY_PHASE_STRIP = NO;
				DEBUG_INFORMATION_FORMAT = "dwarf-with-dsym";
				ENABLE_NS_ASSERTIONS = NO;
				ENABLE_STRICT_OBJC_MSGSEND = YES;
				ENABLE_USER_SCRIPT_SANDBOXING = YES;
				GCC_C_LANGUAGE_STANDARD = gnu17;
				GCC_NO_COMMON_BLOCKS = YES;
				GCC_WARN_64_TO_32_BIT_CONVERSION = YES;
				GCC_WARN_ABOUT_RETURN_TYPE = YES_ERROR;
				GCC_WARN_UNDECLARED_SELECTOR = YES;
				GCC_WARN_UNINITIALIZED_AUTOS = YES_AGGRESSIVE;
				GCC_WARN_UNUSED_FUNCTION = YES;
				GCC_WARN_UNUSED_VARIABLE = YES;
				IPHONEOS_DEPLOYMENT_TARGET = 17.2;
				LOCALIZATION_PREFERS_STRING_CATALOGS = YES;
				MTL_ENABLE_DEBUG_INFO = NO;
				MTL_FAST_MATH = YES;
				SDKROOT = iphoneos;
				SWIFT_COMPILATION_MODE = wholemodule;
				VALIDATE_PRODUCT = YES;
			};
			name = Release;
		};
		363206522B4C4D12002FE98D /* Debug */ = {
			isa = XCBuildConfiguration;
			buildSettings = {
				ASSETCATALOG_COMPILER_APPICON_NAME = AppIcon;
				ASSETCATALOG_COMPILER_GLOBAL_ACCENT_COLOR_NAME = AccentColor;
				CODE_SIGN_STYLE = Automatic;
				CURRENT_PROJECT_VERSION = 1;
				GENERATE_INFOPLIST_FILE = YES;
				INFOPLIST_FILE = RickAndMorty/Info.plist;
				INFOPLIST_KEY_UIApplicationSupportsIndirectInputEvents = YES;
				INFOPLIST_KEY_UILaunchStoryboardName = LaunchScreen;
				INFOPLIST_KEY_UISupportedInterfaceOrientations_iPad = "UIInterfaceOrientationPortrait UIInterfaceOrientationPortraitUpsideDown UIInterfaceOrientationLandscapeLeft UIInterfaceOrientationLandscapeRight";
				INFOPLIST_KEY_UISupportedInterfaceOrientations_iPhone = "UIInterfaceOrientationPortrait UIInterfaceOrientationLandscapeLeft UIInterfaceOrientationLandscapeRight";
				LD_RUNPATH_SEARCH_PATHS = (
					"$(inherited)",
					"@executable_path/Frameworks",
				);
				MARKETING_VERSION = 1.0;
				PRODUCT_BUNDLE_IDENTIFIER = com.beyza.RickAndMorty;
				PRODUCT_NAME = "$(TARGET_NAME)";
				SWIFT_EMIT_LOC_STRINGS = YES;
				SWIFT_VERSION = 5.0;
				TARGETED_DEVICE_FAMILY = "1,2";
			};
			name = Debug;
		};
		363206532B4C4D12002FE98D /* Release */ = {
			isa = XCBuildConfiguration;
			buildSettings = {
				ASSETCATALOG_COMPILER_APPICON_NAME = AppIcon;
				ASSETCATALOG_COMPILER_GLOBAL_ACCENT_COLOR_NAME = AccentColor;
				CODE_SIGN_STYLE = Automatic;
				CURRENT_PROJECT_VERSION = 1;
				GENERATE_INFOPLIST_FILE = YES;
				INFOPLIST_FILE = RickAndMorty/Info.plist;
				INFOPLIST_KEY_UIApplicationSupportsIndirectInputEvents = YES;
				INFOPLIST_KEY_UILaunchStoryboardName = LaunchScreen;
				INFOPLIST_KEY_UISupportedInterfaceOrientations_iPad = "UIInterfaceOrientationPortrait UIInterfaceOrientationPortraitUpsideDown UIInterfaceOrientationLandscapeLeft UIInterfaceOrientationLandscapeRight";
				INFOPLIST_KEY_UISupportedInterfaceOrientations_iPhone = "UIInterfaceOrientationPortrait UIInterfaceOrientationLandscapeLeft UIInterfaceOrientationLandscapeRight";
				LD_RUNPATH_SEARCH_PATHS = (
					"$(inherited)",
					"@executable_path/Frameworks",
				);
				MARKETING_VERSION = 1.0;
				PRODUCT_BUNDLE_IDENTIFIER = com.beyza.RickAndMorty;
				PRODUCT_NAME = "$(TARGET_NAME)";
				SWIFT_EMIT_LOC_STRINGS = YES;
				SWIFT_VERSION = 5.0;
				TARGETED_DEVICE_FAMILY = "1,2";
			};
			name = Release;
		};
/* End XCBuildConfiguration section */

/* Begin XCConfigurationList section */
		363206382B4C4D11002FE98D /* Build configuration list for PBXProject "RickAndMorty" */ = {
			isa = XCConfigurationList;
			buildConfigurations = (
				3632064F2B4C4D12002FE98D /* Debug */,
				363206502B4C4D12002FE98D /* Release */,
			);
			defaultConfigurationIsVisible = 0;
			defaultConfigurationName = Release;
		};
		363206512B4C4D12002FE98D /* Build configuration list for PBXNativeTarget "RickAndMorty" */ = {
			isa = XCConfigurationList;
			buildConfigurations = (
				363206522B4C4D12002FE98D /* Debug */,
				363206532B4C4D12002FE98D /* Release */,
			);
			defaultConfigurationIsVisible = 0;
			defaultConfigurationName = Release;
		};
/* End XCConfigurationList section */
	};
	rootObject = 363206352B4C4D11002FE98D /* Project object */;
}
